
Microsoft Visual Studio Solution File, Format Version 12.00
# Visual Studio 15
Project("{FAE04EC0-301F-11D3-BF4B-00C04F79EFBC}") = "CylinderCalculator", "CylinderCalculator.csproj", "{FFCCAA65-50ED-4D27-9F15-AADC800DBCE5}"
EndProject
Global
	GlobalSection(SolutionConfigurationPlatforms) = preSolution
		Debug|Any CPU = Debug|Any CPU
		Release|Any CPU = Release|Any CPU
	EndGlobalSection
	GlobalSection(ProjectConfigurationPlatforms) = postSolution
		{FFCCAA65-50ED-4D27-9F15-AADC800DBCE5}.Debug|Any CPU.ActiveCfg = Debug|Any CPU
		{FFCCAA65-50ED-4D27-9F15-AADC800DBCE5}.Debug|Any CPU.Build.0 = Debug|Any CPU
		{FFCCAA65-50ED-4D27-9F15-AADC800DBCE5}.Release|Any CPU.ActiveCfg = Release|Any CPU
		{FFCCAA65-50ED-4D27-9F15-AADC800DBCE5}.Release|Any CPU.Build.0 = Release|Any CPU
	EndGlobalSection
EndGlobal
